
Microsoft Visual Studio Solution File, Format Version 12.00
# Visual Studio 2012
Project("{FAE04EC0-301F-11D3-BF4B-00C04F79EFBC}") = "preg7", "preg7\preg7.csproj", "{757A7942-837B-4C5B-A261-40C2EE118E13}"
EndProject
Project("{FAE04EC0-301F-11D3-BF4B-00C04F79EFBC}") = "ClassLibrary", "ClassLibrary\ClassLibrary.csproj", "{37F4239D-CD25-4641-B560-7F407351F8D2}"
EndProject
Global
	GlobalSection(SolutionConfigurationPlatforms) = preSolution
		Debug|Any CPU = Debug|Any CPU
		Release|Any CPU = Release|Any CPU
	EndGlobalSection
	GlobalSection(ProjectConfigurationPlatforms) = postSolution
		{757A7942-837B-4C5B-A261-40C2EE118E13}.Debug|Any CPU.ActiveCfg = Debug|Any CPU
		{757A7942-837B-4C5B-A261-40C2EE118E13}.Debug|Any CPU.Build.0 = Debug|Any CPU
		{757A7942-837B-4C5B-A261-40C2EE118E13}.Release|Any CPU.ActiveCfg = Release|Any CPU
		{757A7942-837B-4C5B-A261-40C2EE118E13}.Release|Any CPU.Build.0 = Release|Any CPU
		{37F4239D-CD25-4641-B560-7F407351F8D2}.Debug|Any CPU.ActiveCfg = Debug|Any CPU
		{37F4239D-CD25-4641-B560-7F407351F8D2}.Debug|Any CPU.Build.0 = Debug|Any CPU
		{37F4239D-CD25-4641-B560-7F407351F8D2}.Release|Any CPU.ActiveCfg = Release|Any CPU
		{37F4239D-CD25-4641-B560-7F407351F8D2}.Release|Any CPU.Build.0 = Release|Any CPU
	EndGlobalSection
	GlobalSection(SolutionProperties) = preSolution
		HideSolutionNode = FALSE
	EndGlobalSection
EndGlobal
